
Microsoft Visual Studio Solution File, Format Version 12.00
# Visual Studio Version 17
VisualStudioVersion = 17.5.33516.290
MinimumVisualStudioVersion = 10.0.40219.1
Project("{FAE04EC0-301F-11D3-BF4B-00C04F79EFBC}") = "Task_21_PolessUP", "Task_21_PolessUP\Task_21_PolessUP.csproj", "{C876D131-D5CF-4050-91E8-840D2B66F65F}"
EndProject
Global
	GlobalSection(SolutionConfigurationPlatforms) = preSolution
		Debug|Any CPU = Debug|Any CPU
		Release|Any CPU = Release|Any CPU
	EndGlobalSection
	GlobalSection(ProjectConfigurationPlatforms) = postSolution
		{C876D131-D5CF-4050-91E8-840D2B66F65F}.Debug|Any CPU.ActiveCfg = Debug|Any CPU
		{C876D131-D5CF-4050-91E8-840D2B66F65F}.Debug|Any CPU.Build.0 = Debug|Any CPU
		{C876D131-D5CF-4050-91E8-840D2B66F65F}.Release|Any CPU.ActiveCfg = Release|Any CPU
		{C876D131-D5CF-4050-91E8-840D2B66F65F}.Release|Any CPU.Build.0 = Release|Any CPU
	EndGlobalSection
	GlobalSection(SolutionProperties) = preSolution
		HideSolutionNode = FALSE
	EndGlobalSection
	GlobalSection(ExtensibilityGlobals) = postSolution
		SolutionGuid = {824C2F90-A9E5-4CFF-8856-948CC842B0EB}
	EndGlobalSection
EndGlobal
